
Microsoft Visual Studio Solution File, Format Version 12.00
# Visual Studio Version 17
VisualStudioVersion = 17.8.34525.116
MinimumVisualStudioVersion = 10.0.40219.1
Project("{FAE04EC0-301F-11D3-BF4B-00C04F79EFBC}") = "PatientAdministrationSystem.API", "PatientAdministrationSystem\PatientAdministrationSystem.API.csproj", "{B3AD393D-5ED2-4E99-BCF9-6F1668E66B48}"
EndProject
Project("{2150E333-8FDC-42A3-9474-1A3956D46DE8}") = "PatientAdministrationSystem.Infra", "PatientAdministrationSystem.Infra", "{2D3C4964-948D-4A28-B019-1659E419755C}"
EndProject
Project("{9A19103F-16F7-4668-BE54-9A1E7A4F7556}") = "PatientAdministrationSystem.Infrastructure", "PatientAdministrationSystem.Infrastructure\PatientAdministrationSystem.Infrastructure.csproj", "{3225823F-02FF-44EA-87BF-39E99F8E237F}"
EndProject
Project("{2150E333-8FDC-42A3-9474-1A3956D46DE8}") = "PatientAdministrationSystem.Application", "PatientAdministrationSystem.Application", "{65A388FB-4A34-4BCE-A40A-887B418705AD}"
EndProject
Project("{9A19103F-16F7-4668-BE54-9A1E7A4F7556}") = "PatientAdministrationSystem.Application", "PatientAdministrationSystem.Application\PatientAdministrationSystem.Application.csproj", "{F538F9AB-08A0-4D55-B71D-5A0FDD545B0B}"
EndProject
Global
	GlobalSection(SolutionConfigurationPlatforms) = preSolution
		Debug|Any CPU = Debug|Any CPU
		Release|Any CPU = Release|Any CPU
	EndGlobalSection
	GlobalSection(ProjectConfigurationPlatforms) = postSolution
		{B3AD393D-5ED2-4E99-BCF9-6F1668E66B48}.Debug|Any CPU.ActiveCfg = Debug|Any CPU
		{B3AD393D-5ED2-4E99-BCF9-6F1668E66B48}.Debug|Any CPU.Build.0 = Debug|Any CPU
		{B3AD393D-5ED2-4E99-BCF9-6F1668E66B48}.Release|Any CPU.ActiveCfg = Release|Any CPU
		{B3AD393D-5ED2-4E99-BCF9-6F1668E66B48}.Release|Any CPU.Build.0 = Release|Any CPU
		{3225823F-02FF-44EA-87BF-39E99F8E237F}.Debug|Any CPU.ActiveCfg = Debug|Any CPU
		{3225823F-02FF-44EA-87BF-39E99F8E237F}.Debug|Any CPU.Build.0 = Debug|Any CPU
		{3225823F-02FF-44EA-87BF-39E99F8E237F}.Release|Any CPU.ActiveCfg = Release|Any CPU
		{3225823F-02FF-44EA-87BF-39E99F8E237F}.Release|Any CPU.Build.0 = Release|Any CPU
		{F538F9AB-08A0-4D55-B71D-5A0FDD545B0B}.Debug|Any CPU.ActiveCfg = Debug|Any CPU
		{F538F9AB-08A0-4D55-B71D-5A0FDD545B0B}.Debug|Any CPU.Build.0 = Debug|Any CPU
		{F538F9AB-08A0-4D55-B71D-5A0FDD545B0B}.Release|Any CPU.ActiveCfg = Release|Any CPU
		{F538F9AB-08A0-4D55-B71D-5A0FDD545B0B}.Release|Any CPU.Build.0 = Release|Any CPU
	EndGlobalSection
	GlobalSection(SolutionProperties) = preSolution
		HideSolutionNode = FALSE
	EndGlobalSection
	GlobalSection(NestedProjects) = preSolution
		{3225823F-02FF-44EA-87BF-39E99F8E237F} = {2D3C4964-948D-4A28-B019-1659E419755C}
		{F538F9AB-08A0-4D55-B71D-5A0FDD545B0B} = {65A388FB-4A34-4BCE-A40A-887B418705AD}
	EndGlobalSection
	GlobalSection(ExtensibilityGlobals) = postSolution
		SolutionGuid = {82ADB241-AECC-4322-A2E0-70206B9AAE5C}
	EndGlobalSection
EndGlobal
